
Microsoft Visual Studio Solution File, Format Version 12.00
# Visual Studio Version 16
VisualStudioVersion = 16.0.28803.352
MinimumVisualStudioVersion = 10.0.40219.1
Project("{FAE04EC0-301F-11D3-BF4B-00C04F79EFBC}") = "Automatic2", "Automatic2.csproj", "{C7187E40-ACE6-4E09-818A-0C10F063C719}"
EndProject
Global
	GlobalSection(SolutionConfigurationPlatforms) = preSolution
		Debug|Any CPU = Debug|Any CPU
		Release|Any CPU = Release|Any CPU
	EndGlobalSection
	GlobalSection(ProjectConfigurationPlatforms) = postSolution
		{C7187E40-ACE6-4E09-818A-0C10F063C719}.Debug|Any CPU.ActiveCfg = Debug|Any CPU
		{C7187E40-ACE6-4E09-818A-0C10F063C719}.Debug|Any CPU.Build.0 = Debug|Any CPU
		{C7187E40-ACE6-4E09-818A-0C10F063C719}.Release|Any CPU.ActiveCfg = Release|Any CPU
		{C7187E40-ACE6-4E09-818A-0C10F063C719}.Release|Any CPU.Build.0 = Release|Any CPU
	EndGlobalSection
	GlobalSection(SolutionProperties) = preSolution
		HideSolutionNode = FALSE
	EndGlobalSection
	GlobalSection(ExtensibilityGlobals) = postSolution
		SolutionGuid = {732B25D5-1A13-43EC-A7A9-49D56E9807A5}
	EndGlobalSection
EndGlobal
